
Microsoft Visual Studio Solution File, Format Version 12.00
# Visual Studio 14
VisualStudioVersion = 14.0.24720.0
MinimumVisualStudioVersion = 10.0.40219.1
Project("{FAE04EC0-301F-11D3-BF4B-00C04F79EFBC}") = "JitterSample", "JitterSample\JitterSample.csproj", "{A863BDEB-A9CB-4A79-8FA2-BE4A39E06986}"
EndProject
Project("{FAE04EC0-301F-11D3-BF4B-00C04F79EFBC}") = "Jitter.Portable", "..\..\source\Jitter\Jitter.Portable.csproj", "{AA03EF1A-94F7-4D30-AB14-2092863FF92A}"
EndProject
Project("{FAE04EC0-301F-11D3-BF4B-00C04F79EFBC}") = "JitterWPASample", "JitterWPASample\JitterWPASample.csproj", "{EBF9E0AB-B62A-4797-90CC-DFCB30AAE571}"
EndProject
Project("{FAE04EC0-301F-11D3-BF4B-00C04F79EFBC}") = "JitteriOSSample", "JitteriOSSample\JitteriOSSample.csproj", "{D3F00D27-486D-4455-9776-4C859D8DAE07}"
EndProject
Project("{FAE04EC0-301F-11D3-BF4B-00C04F79EFBC}") = "JitterAndroidSample", "JitterAndroidSample\JitterAndroidSample.csproj", "{68FC4B1F-B60F-4279-9F65-3D27AF02A981}"
EndProject
Global
	GlobalSection(SolutionConfigurationPlatforms) = preSolution
		Debug|Any CPU = Debug|Any CPU
		Debug|ARM = Debug|ARM
		Debug|iPhone = Debug|iPhone
		Debug|iPhoneSimulator = Debug|iPhoneSimulator
		Debug|x86 = Debug|x86
		Release|Any CPU = Release|Any CPU
		Release|ARM = Release|ARM
		Release|iPhone = Release|iPhone
		Release|iPhoneSimulator = Release|iPhoneSimulator
		Release|x86 = Release|x86
	EndGlobalSection
	GlobalSection(ProjectConfigurationPlatforms) = postSolution
		{A863BDEB-A9CB-4A79-8FA2-BE4A39E06986}.Debug|Any CPU.ActiveCfg = Debug|Any CPU
		{A863BDEB-A9CB-4A79-8FA2-BE4A39E06986}.Debug|Any CPU.Build.0 = Debug|Any CPU
		{A863BDEB-A9CB-4A79-8FA2-BE4A39E06986}.Debug|ARM.ActiveCfg = Debug|Any CPU
		{A863BDEB-A9CB-4A79-8FA2-BE4A39E06986}.Debug|ARM.Build.0 = Debug|Any CPU
		{A863BDEB-A9CB-4A79-8FA2-BE4A39E06986}.Debug|iPhone.ActiveCfg = Debug|Any CPU
		{A863BDEB-A9CB-4A79-8FA2-BE4A39E06986}.Debug|iPhone.Build.0 = Debug|Any CPU
		{A863BDEB-A9CB-4A79-8FA2-BE4A39E06986}.Debug|iPhoneSimulator.ActiveCfg = Debug|Any CPU
		{A863BDEB-A9CB-4A79-8FA2-BE4A39E06986}.Debug|iPhoneSimulator.Build.0 = Debug|Any CPU
		{A863BDEB-A9CB-4A79-8FA2-BE4A39E06986}.Debug|x86.ActiveCfg = Debug|Any CPU
		{A863BDEB-A9CB-4A79-8FA2-BE4A39E06986}.Debug|x86.Build.0 = Debug|Any CPU
		{A863BDEB-A9CB-4A79-8FA2-BE4A39E06986}.Release|Any CPU.ActiveCfg = Release|Any CPU
		{A863BDEB-A9CB-4A79-8FA2-BE4A39E06986}.Release|Any CPU.Build.0 = Release|Any CPU
		{A863BDEB-A9CB-4A79-8FA2-BE4A39E06986}.Release|ARM.ActiveCfg = Release|Any CPU
		{A863BDEB-A9CB-4A79-8FA2-BE4A39E06986}.Release|ARM.Build.0 = Release|Any CPU
		{A863BDEB-A9CB-4A79-8FA2-BE4A39E06986}.Release|iPhone.ActiveCfg = Release|Any CPU
		{A863BDEB-A9CB-4A79-8FA2-BE4A39E06986}.Release|iPhone.Build.0 = Release|Any CPU
		{A863BDEB-A9CB-4A79-8FA2-BE4A39E06986}.Release|iPhoneSimulator.ActiveCfg = Release|Any CPU
		{A863BDEB-A9CB-4A79-8FA2-BE4A39E06986}.Release|iPhoneSimulator.Build.0 = Release|Any CPU
		{A863BDEB-A9CB-4A79-8FA2-BE4A39E06986}.Release|x86.ActiveCfg = Release|Any CPU
		{A863BDEB-A9CB-4A79-8FA2-BE4A39E06986}.Release|x86.Build.0 = Release|Any CPU
		{AA03EF1A-94F7-4D30-AB14-2092863FF92A}.Debug|Any CPU.ActiveCfg = Debug|Any CPU
		{AA03EF1A-94F7-4D30-AB14-2092863FF92A}.Debug|Any CPU.Build.0 = Debug|Any CPU
		{AA03EF1A-94F7-4D30-AB14-2092863FF92A}.Debug|ARM.ActiveCfg = Debug|Any CPU
		{AA03EF1A-94F7-4D30-AB14-2092863FF92A}.Debug|ARM.Build.0 = Debug|Any CPU
		{AA03EF1A-94F7-4D30-AB14-2092863FF92A}.Debug|iPhone.ActiveCfg = Debug|Any CPU
		{AA03EF1A-94F7-4D30-AB14-2092863FF92A}.Debug|iPhone.Build.0 = Debug|Any CPU
		{AA03EF1A-94F7-4D30-AB14-2092863FF92A}.Debug|iPhoneSimulator.ActiveCfg = Debug|Any CPU
		{AA03EF1A-94F7-4D30-AB14-2092863FF92A}.Debug|iPhoneSimulator.Build.0 = Debug|Any CPU
		{AA03EF1A-94F7-4D30-AB14-2092863FF92A}.Debug|x86.ActiveCfg = Debug|Any CPU
		{AA03EF1A-94F7-4D30-AB14-2092863FF92A}.Debug|x86.Build.0 = Debug|Any CPU
		{AA03EF1A-94F7-4D30-AB14-2092863FF92A}.Release|Any CPU.ActiveCfg = Release|Any CPU
		{AA03EF1A-94F7-4D30-AB14-2092863FF92A}.Release|Any CPU.Build.0 = Release|Any CPU
		{AA03EF1A-94F7-4D30-AB14-2092863FF92A}.Release|ARM.ActiveCfg = Release|Any CPU
		{AA03EF1A-94F7-4D30-AB14-2092863FF92A}.Release|ARM.Build.0 = Release|Any CPU
		{AA03EF1A-94F7-4D30-AB14-2092863FF92A}.Release|iPhone.ActiveCfg = Release|Any CPU
		{AA03EF1A-94F7-4D30-AB14-2092863FF92A}.Release|iPhone.Build.0 = Release|Any CPU
		{AA03EF1A-94F7-4D30-AB14-2092863FF92A}.Release|iPhoneSimulator.ActiveCfg = Release|Any CPU
		{AA03EF1A-94F7-4D30-AB14-2092863FF92A}.Release|iPhoneSimulator.Build.0 = Release|Any CPU
		{AA03EF1A-94F7-4D30-AB14-2092863FF92A}.Release|x86.ActiveCfg = Release|Any CPU
		{AA03EF1A-94F7-4D30-AB14-2092863FF92A}.Release|x86.Build.0 = Release|Any CPU
		{EBF9E0AB-B62A-4797-90CC-DFCB30AAE571}.Debug|Any CPU.ActiveCfg = Debug|Any CPU
		{EBF9E0AB-B62A-4797-90CC-DFCB30AAE571}.Debug|Any CPU.Build.0 = Debug|Any CPU
		{EBF9E0AB-B62A-4797-90CC-DFCB30AAE571}.Debug|Any CPU.Deploy.0 = Debug|Any CPU
		{EBF9E0AB-B62A-4797-90CC-DFCB30AAE571}.Debug|ARM.ActiveCfg = Debug|ARM
		{EBF9E0AB-B62A-4797-90CC-DFCB30AAE571}.Debug|ARM.Build.0 = Debug|ARM
		{EBF9E0AB-B62A-4797-90CC-DFCB30AAE571}.Debug|ARM.Deploy.0 = Debug|ARM
		{EBF9E0AB-B62A-4797-90CC-DFCB30AAE571}.Debug|iPhone.ActiveCfg = Debug|ARM
		{EBF9E0AB-B62A-4797-90CC-DFCB30AAE571}.Debug|iPhone.Build.0 = Debug|ARM
		{EBF9E0AB-B62A-4797-90CC-DFCB30AAE571}.Debug|iPhone.Deploy.0 = Debug|ARM
		{EBF9E0AB-B62A-4797-90CC-DFCB30AAE571}.Debug|iPhoneSimulator.ActiveCfg = Debug|x86
		{EBF9E0AB-B62A-4797-90CC-DFCB30AAE571}.Debug|iPhoneSimulator.Build.0 = Debug|x86
		{EBF9E0AB-B62A-4797-90CC-DFCB30AAE571}.Debug|iPhoneSimulator.Deploy.0 = Debug|x86
		{EBF9E0AB-B62A-4797-90CC-DFCB30AAE571}.Debug|x86.ActiveCfg = Debug|x86
		{EBF9E0AB-B62A-4797-90CC-DFCB30AAE571}.Debug|x86.Build.0 = Debug|x86
		{EBF9E0AB-B62A-4797-90CC-DFCB30AAE571}.Debug|x86.Deploy.0 = Debug|x86
		{EBF9E0AB-B62A-4797-90CC-DFCB30AAE571}.Release|Any CPU.ActiveCfg = Release|Any CPU
		{EBF9E0AB-B62A-4797-90CC-DFCB30AAE571}.Release|Any CPU.Build.0 = Release|Any CPU
		{EBF9E0AB-B62A-4797-90CC-DFCB30AAE571}.Release|Any CPU.Deploy.0 = Release|Any CPU
		{EBF9E0AB-B62A-4797-90CC-DFCB30AAE571}.Release|ARM.ActiveCfg = Release|ARM
		{EBF9E0AB-B62A-4797-90CC-DFCB30AAE571}.Release|ARM.Build.0 = Release|ARM
		{EBF9E0AB-B62A-4797-90CC-DFCB30AAE571}.Release|ARM.Deploy.0 = Release|ARM
		{EBF9E0AB-B62A-4797-90CC-DFCB30AAE571}.Release|iPhone.ActiveCfg = Release|ARM
		{EBF9E0AB-B62A-4797-90CC-DFCB30AAE571}.Release|iPhone.Build.0 = Release|ARM
		{EBF9E0AB-B62A-4797-90CC-DFCB30AAE571}.Release|iPhone.Deploy.0 = Release|ARM
		{EBF9E0AB-B62A-4797-90CC-DFCB30AAE571}.Release|iPhoneSimulator.ActiveCfg = Release|x86
		{EBF9E0AB-B62A-4797-90CC-DFCB30AAE571}.Release|iPhoneSimulator.Build.0 = Release|x86
		{EBF9E0AB-B62A-4797-90CC-DFCB30AAE571}.Release|iPhoneSimulator.Deploy.0 = Release|x86
		{EBF9E0AB-B62A-4797-90CC-DFCB30AAE571}.Release|x86.ActiveCfg = Release|x86
		{EBF9E0AB-B62A-4797-90CC-DFCB30AAE571}.Release|x86.Build.0 = Release|x86
		{EBF9E0AB-B62A-4797-90CC-DFCB30AAE571}.Release|x86.Deploy.0 = Release|x86
		{D3F00D27-486D-4455-9776-4C859D8DAE07}.Debug|Any CPU.ActiveCfg = Debug|iPhoneSimulator
		{D3F00D27-486D-4455-9776-4C859D8DAE07}.Debug|Any CPU.Build.0 = Debug|iPhoneSimulator
		{D3F00D27-486D-4455-9776-4C859D8DAE07}.Debug|ARM.ActiveCfg = Debug|iPhone
		{D3F00D27-486D-4455-9776-4C859D8DAE07}.Debug|ARM.Build.0 = Debug|iPhone
		{D3F00D27-486D-4455-9776-4C859D8DAE07}.Debug|iPhone.ActiveCfg = Debug|iPhone
		{D3F00D27-486D-4455-9776-4C859D8DAE07}.Debug|iPhone.Build.0 = Debug|iPhone
		{D3F00D27-486D-4455-9776-4C859D8DAE07}.Debug|iPhoneSimulator.ActiveCfg = Debug|iPhoneSimulator
		{D3F00D27-486D-4455-9776-4C859D8DAE07}.Debug|iPhoneSimulator.Build.0 = Debug|iPhoneSimulator
		{D3F00D27-486D-4455-9776-4C859D8DAE07}.Debug|x86.ActiveCfg = Debug|iPhoneSimulator
		{D3F00D27-486D-4455-9776-4C859D8DAE07}.Debug|x86.Build.0 = Debug|iPhoneSimulator
		{D3F00D27-486D-4455-9776-4C859D8DAE07}.Release|Any CPU.ActiveCfg = Release|iPhoneSimulator
		{D3F00D27-486D-4455-9776-4C859D8DAE07}.Release|Any CPU.Build.0 = Release|iPhoneSimulator
		{D3F00D27-486D-4455-9776-4C859D8DAE07}.Release|ARM.ActiveCfg = Release|iPhone
		{D3F00D27-486D-4455-9776-4C859D8DAE07}.Release|ARM.Build.0 = Release|iPhone
		{D3F00D27-486D-4455-9776-4C859D8DAE07}.Release|iPhone.ActiveCfg = Release|iPhone
		{D3F00D27-486D-4455-9776-4C859D8DAE07}.Release|iPhone.Build.0 = Release|iPhone
		{D3F00D27-486D-4455-9776-4C859D8DAE07}.Release|iPhoneSimulator.ActiveCfg = Release|iPhoneSimulator
		{D3F00D27-486D-4455-9776-4C859D8DAE07}.Release|iPhoneSimulator.Build.0 = Release|iPhoneSimulator
		{D3F00D27-486D-4455-9776-4C859D8DAE07}.Release|x86.ActiveCfg = Release|iPhoneSimulator
		{D3F00D27-486D-4455-9776-4C859D8DAE07}.Release|x86.Build.0 = Release|iPhoneSimulator
		{68FC4B1F-B60F-4279-9F65-3D27AF02A981}.Debug|Any CPU.ActiveCfg = Debug|Any CPU
		{68FC4B1F-B60F-4279-9F65-3D27AF02A981}.Debug|Any CPU.Build.0 = Debug|Any CPU
		{68FC4B1F-B60F-4279-9F65-3D27AF02A981}.Debug|Any CPU.Deploy.0 = Debug|Any CPU
		{68FC4B1F-B60F-4279-9F65-3D27AF02A981}.Debug|ARM.ActiveCfg = Debug|Any CPU
		{68FC4B1F-B60F-4279-9F65-3D27AF02A981}.Debug|ARM.Build.0 = Debug|Any CPU
		{68FC4B1F-B60F-4279-9F65-3D27AF02A981}.Debug|ARM.Deploy.0 = Debug|Any CPU
		{68FC4B1F-B60F-4279-9F65-3D27AF02A981}.Debug|iPhone.ActiveCfg = Debug|Any CPU
		{68FC4B1F-B60F-4279-9F65-3D27AF02A981}.Debug|iPhone.Build.0 = Debug|Any CPU
		{68FC4B1F-B60F-4279-9F65-3D27AF02A981}.Debug|iPhone.Deploy.0 = Debug|Any CPU
		{68FC4B1F-B60F-4279-9F65-3D27AF02A981}.Debug|iPhoneSimulator.ActiveCfg = Debug|Any CPU
		{68FC4B1F-B60F-4279-9F65-3D27AF02A981}.Debug|iPhoneSimulator.Build.0 = Debug|Any CPU
		{68FC4B1F-B60F-4279-9F65-3D27AF02A981}.Debug|iPhoneSimulator.Deploy.0 = Debug|Any CPU
		{68FC4B1F-B60F-4279-9F65-3D27AF02A981}.Debug|x86.ActiveCfg = Debug|Any CPU
		{68FC4B1F-B60F-4279-9F65-3D27AF02A981}.Debug|x86.Build.0 = Debug|Any CPU
		{68FC4B1F-B60F-4279-9F65-3D27AF02A981}.Debug|x86.Deploy.0 = Debug|Any CPU
		{68FC4B1F-B60F-4279-9F65-3D27AF02A981}.Release|Any CPU.ActiveCfg = Release|Any CPU
		{68FC4B1F-B60F-4279-9F65-3D27AF02A981}.Release|Any CPU.Build.0 = Release|Any CPU
		{68FC4B1F-B60F-4279-9F65-3D27AF02A981}.Release|Any CPU.Deploy.0 = Release|Any CPU
		{68FC4B1F-B60F-4279-9F65-3D27AF02A981}.Release|ARM.ActiveCfg = Release|Any CPU
		{68FC4B1F-B60F-4279-9F65-3D27AF02A981}.Release|ARM.Build.0 = Release|Any CPU
		{68FC4B1F-B60F-4279-9F65-3D27AF02A981}.Release|ARM.Deploy.0 = Release|Any CPU
		{68FC4B1F-B60F-4279-9F65-3D27AF02A981}.Release|iPhone.ActiveCfg = Release|Any CPU
		{68FC4B1F-B60F-4279-9F65-3D27AF02A981}.Release|iPhone.Build.0 = Release|Any CPU
		{68FC4B1F-B60F-4279-9F65-3D27AF02A981}.Release|iPhone.Deploy.0 = Release|Any CPU
		{68FC4B1F-B60F-4279-9F65-3D27AF02A981}.Release|iPhoneSimulator.ActiveCfg = Release|Any CPU
		{68FC4B1F-B60F-4279-9F65-3D27AF02A981}.Release|iPhoneSimulator.Build.0 = Release|Any CPU
		{68FC4B1F-B60F-4279-9F65-3D27AF02A981}.Release|iPhoneSimulator.Deploy.0 = Release|Any CPU
		{68FC4B1F-B60F-4279-9F65-3D27AF02A981}.Release|x86.ActiveCfg = Release|Any CPU
		{68FC4B1F-B60F-4279-9F65-3D27AF02A981}.Release|x86.Build.0 = Release|Any CPU
		{68FC4B1F-B60F-4279-9F65-3D27AF02A981}.Release|x86.Deploy.0 = Release|Any CPU
	EndGlobalSection
	GlobalSection(SolutionProperties) = preSolution
		HideSolutionNode = FALSE
	EndGlobalSection
EndGlobal
