
Microsoft Visual Studio Solution File, Format Version 11.00
# Visual Studio 2010
Project("{FAE04EC0-301F-11D3-BF4B-00C04F79EFBC}") = "SimpleJitterPhoneDemo", "SimpleJitterPhoneDemo\SimpleJitterPhoneDemo.csproj", "{5C96E650-A675-4465-A5A9-2CA2CBA19982}"
EndProject
Global
	GlobalSection(SolutionConfigurationPlatforms) = preSolution
		Debug|Windows Phone = Debug|Windows Phone
		Release|Windows Phone = Release|Windows Phone
	EndGlobalSection
	GlobalSection(ProjectConfigurationPlatforms) = postSolution
		{5C96E650-A675-4465-A5A9-2CA2CBA19982}.Debug|Windows Phone.ActiveCfg = Debug|Windows Phone
		{5C96E650-A675-4465-A5A9-2CA2CBA19982}.Debug|Windows Phone.Build.0 = Debug|Windows Phone
		{5C96E650-A675-4465-A5A9-2CA2CBA19982}.Debug|Windows Phone.Deploy.0 = Debug|Windows Phone
		{5C96E650-A675-4465-A5A9-2CA2CBA19982}.Release|Windows Phone.ActiveCfg = Release|Windows Phone
		{5C96E650-A675-4465-A5A9-2CA2CBA19982}.Release|Windows Phone.Build.0 = Release|Windows Phone
		{5C96E650-A675-4465-A5A9-2CA2CBA19982}.Release|Windows Phone.Deploy.0 = Release|Windows Phone
	EndGlobalSection
	GlobalSection(SolutionProperties) = preSolution
		HideSolutionNode = FALSE
	EndGlobalSection
EndGlobal
